{
  "name": "err-controller",
  "version": "1.0.0",
  "lockfileVersion": 1,
  "requires": true,
  "dependencies": {
    "ap-err": {
      "version": "1.0.0",
      "resolved": "https://registry.npmjs.org/ap-err/-/ap-err-1.0.0.tgz",
      "integrity": "sha512-92FLa1k0PG+x8b2ZqvgDR5jTSjZScXPWJPH9HHE8sa2BZkD4+HawJ6BymVrfM1OnFyQlVVKiRq7kX0wp9B6wOQ=="
    }
  }
}
